<?xml version="1.0" encoding="utf-8"?>
<Project ToolsVersion="4.0" xmlns="http://schemas.microsoft.com/developer/msbuild/2003">
  <ItemGroup>
    <ClCompile Include="src\ofApp.cpp">
      <Filter>src</Filter>
    </ClCompile>
    <ClCompile Include="src\main.cpp">
      <Filter>src</Filter>
    </ClCompile>
    <ClCompile Include="src\main.cpp">
      <Filter>src</Filter>
    </ClCompile>
    <ClCompile Include="src\ofApp.cpp">
      <Filter>src</Filter>
    </ClCompile>
    <ClCompile Include="src\ofxEasyCubemap.cpp" />
  </ItemGroup>
  <ItemGroup>
    <Filter Include="src">
      <UniqueIdentifier>{d8376475-7454-4a24-b08a-aac121d3ad6f}</UniqueIdentifier>
    </Filter>
  </ItemGroup>
  <ItemGroup>
    <ClInclude Include="src\ofApp.h">
      <Filter>src</Filter>
    </ClInclude>
    <ClInclude Include="src\ofApp.h">
      <Filter>src</Filter>
    </ClInclude>
    <ClInclude Include="src\ofxEasyCubemap.h" />
  </ItemGroup>
  <ItemGroup>
    <ResourceCompile Include="icon.rc" />
  </ItemGroup>
  <ItemGroup>
    <None Include="bin\data\passthrough.vert" />
    <None Include="bin\data\torus.ply" />
    <None Include="bin\data\uv_vis.frag" />
    <None Include="bin\data\mesh.vert" />
    <None Include="bin\data\normal_vis.frag" />
    <None Include="bin\data\diffuse.frag" />
    <None Include="bin\data\rimlight.frag" />
    <None Include="bin\data\specular.frag" />
    <None Include="bin\data\phong.frag" />
    <None Include="bin\data\blinnphong.frag" />
    <None Include="bin\data\water.vert" />
    <None Include="bin\data\water.frag" />
    <None Include="bin\data\cubemap.vert" />
    <None Include="bin\data\cubemap.frag" />
    <None Include="bin\data\cube.ply" />
    <None Include="bin\data\plane.ply" />
    <None Include="bin\data\shield.ply" />
    <None Include="bin\data\skybox.vert" />
    <None Include="bin\data\skybox.frag" />
    <None Include="bin\data\pointLight.frag" />
    <None Include="bin\data\pointLightWater.frag" />
    <None Include="bin\data\spotLight.frag" />
    <None Include="bin\data\spotLightWater.frag" />
    <None Include="bin\data\multiLight.frag" />
    <None Include="bin\data\multiLightWater.frag" />
    <None Include="bin\data\dirLight.frag" />
    <None Include="bin\data\dirLightWater.frag" />
  </ItemGroup>
  <ItemGroup>
    <Image Include="bin\data\cube_back.jpg" />
    <Image Include="bin\data\cube_bottom.jpg" />
    <Image Include="bin\data\cube_front.jpg" />
    <Image Include="bin\data\cube_left.jpg" />
    <Image Include="bin\data\cube_right.jpg" />
    <Image Include="bin\data\cube_top.jpg" />
    <Image Include="bin\data\shield_diffuse.png" />
    <Image Include="bin\data\shield_normal.png" />
    <Image Include="bin\data\shield_spec.png" />
    <Image Include="bin\data\water_nrm.png" />
    <Image Include="bin\data\night_back.jpg" />
    <Image Include="bin\data\night_bottom.jpg" />
    <Image Include="bin\data\night_front.jpg" />
    <Image Include="bin\data\night_left.jpg" />
    <Image Include="bin\data\night_right.jpg" />
    <Image Include="bin\data\night_top.jpg" />
  </ItemGroup>
</Project>